
Microsoft Visual Studio Solution File, Format Version 12.00
# Visual Studio Version 17
VisualStudioVersion = 17.10.34928.147
MinimumVisualStudioVersion = 10.0.40219.1
Project("{FAE04EC0-301F-11D3-BF4B-00C04F79EFBC}") = "EventHubReceiver", "EventHubReceiver\EventHubReceiver.csproj", "{36992B7C-3F40-4E38-8299-B025230B6E68}"
EndProject
Project("{FAE04EC0-301F-11D3-BF4B-00C04F79EFBC}") = "EventHubReceiver.Tests", "EventHubReceiver.Tests\EventHubReceiver.Tests.csproj", "{2130AD83-6FD8-43CE-B1F6-C3170B850C21}"
EndProject
Global
	GlobalSection(SolutionConfigurationPlatforms) = preSolution
		Debug|Any CPU = Debug|Any CPU
		Release|Any CPU = Release|Any CPU
	EndGlobalSection
	GlobalSection(ProjectConfigurationPlatforms) = postSolution
		{36992B7C-3F40-4E38-8299-B025230B6E68}.Debug|Any CPU.ActiveCfg = Debug|Any CPU
		{36992B7C-3F40-4E38-8299-B025230B6E68}.Debug|Any CPU.Build.0 = Debug|Any CPU
		{36992B7C-3F40-4E38-8299-B025230B6E68}.Release|Any CPU.ActiveCfg = Release|Any CPU
		{36992B7C-3F40-4E38-8299-B025230B6E68}.Release|Any CPU.Build.0 = Release|Any CPU
		{2130AD83-6FD8-43CE-B1F6-C3170B850C21}.Debug|Any CPU.ActiveCfg = Debug|Any CPU
		{2130AD83-6FD8-43CE-B1F6-C3170B850C21}.Debug|Any CPU.Build.0 = Debug|Any CPU
		{2130AD83-6FD8-43CE-B1F6-C3170B850C21}.Release|Any CPU.ActiveCfg = Release|Any CPU
		{2130AD83-6FD8-43CE-B1F6-C3170B850C21}.Release|Any CPU.Build.0 = Release|Any CPU
	EndGlobalSection
	GlobalSection(SolutionProperties) = preSolution
		HideSolutionNode = FALSE
	EndGlobalSection
	GlobalSection(ExtensibilityGlobals) = postSolution
		SolutionGuid = {17927359-9C1B-45EC-AB34-4CFECF160BCA}
	EndGlobalSection
EndGlobal
